
Microsoft Visual Studio Solution File, Format Version 10.00
# Visual Studio 2008
Project("{FAE04EC0-301F-11D3-BF4B-00C04F79EFBC}") = "txt2png", "txt2png\txt2png.csproj", "{D3FB61F6-968A-44A6-8F4E-24DEA64AF5C3}"
EndProject
Global
	GlobalSection(SolutionConfigurationPlatforms) = preSolution
		Debug|Any CPU = Debug|Any CPU
		Release|Any CPU = Release|Any CPU
	EndGlobalSection
	GlobalSection(ProjectConfigurationPlatforms) = postSolution
		{D3FB61F6-968A-44A6-8F4E-24DEA64AF5C3}.Debug|Any CPU.ActiveCfg = Debug|Any CPU
		{D3FB61F6-968A-44A6-8F4E-24DEA64AF5C3}.Debug|Any CPU.Build.0 = Debug|Any CPU
		{D3FB61F6-968A-44A6-8F4E-24DEA64AF5C3}.Release|Any CPU.ActiveCfg = Release|Any CPU
		{D3FB61F6-968A-44A6-8F4E-24DEA64AF5C3}.Release|Any CPU.Build.0 = Release|Any CPU
	EndGlobalSection
	GlobalSection(SolutionProperties) = preSolution
		HideSolutionNode = FALSE
	EndGlobalSection
EndGlobal
